
Microsoft Visual Studio Solution File, Format Version 12.00
# Visual Studio Version 17
VisualStudioVersion = 17.14.36603.0
MinimumVisualStudioVersion = 10.0.40219.1
Project("{FAE04EC0-301F-11D3-BF4B-00C04F79EFBC}") = "Fargo.Core", "src\Fargo.Core\Fargo.Core.csproj", "{5D5CBD4F-FB49-45EC-87F5-30F50FDD1A0A}"
EndProject
Project("{2150E333-8FDC-42A3-9474-1A3956D46DE8}") = "Domain", "Domain", "{02EA681E-C7D8-13C7-8484-4AC65E1B71E8}"
EndProject
Project("{2150E333-8FDC-42A3-9474-1A3956D46DE8}") = "Infrastructure", "Infrastructure", "{3BAB141D-66B0-4370-81B5-6B84DDF91E38}"
EndProject
Project("{2150E333-8FDC-42A3-9474-1A3956D46DE8}") = "Presentation", "Presentation", "{6B5A18E2-102C-45CF-8EE3-1A900B96A6A3}"
EndProject
Project("{2150E333-8FDC-42A3-9474-1A3956D46DE8}") = "Application", "Application", "{537D6771-F778-4DE1-87BA-6F1E7613DFB6}"
EndProject
Project("{FAE04EC0-301F-11D3-BF4B-00C04F79EFBC}") = "Fargo.Application", "src\Fargo.Application\Fargo.Application.csproj", "{8247E27B-E635-452D-A73D-E6CDC6A95443}"
EndProject
Project("{FAE04EC0-301F-11D3-BF4B-00C04F79EFBC}") = "Fargo.Infrastructure", "src\Fargo.Infrastructure\Fargo.Infrastructure.csproj", "{6F9F95FC-CDB7-4BE9-88FD-3E63BEFE5557}"
EndProject
Project("{FAE04EC0-301F-11D3-BF4B-00C04F79EFBC}") = "Fargo.HttpApi", "src\Fargo.RestApi\Fargo.HttpApi.csproj", "{27E10523-9435-4D7F-84B0-3C5C5A7B49A3}"
EndProject
Project("{FAE04EC0-301F-11D3-BF4B-00C04F79EFBC}") = "Fargo.AppHost", "src\Fargo.AppHost\Fargo.AppHost.csproj", "{52E37BD2-C7BE-46B4-A903-3C1E7AAF5184}"
EndProject
Project("{FAE04EC0-301F-11D3-BF4B-00C04F79EFBC}") = "Fargo.ServiceDefaults", "src\Fargo.ServiceDefaults\Fargo.ServiceDefaults.csproj", "{58035AE4-2A29-86A3-43F4-3F901DBE0F71}"
EndProject
Project("{FAE04EC0-301F-11D3-BF4B-00C04F79EFBC}") = "Fargo.Web", "src\Fargo.Web\Fargo.Web.csproj", "{8FC52839-FA90-A6AB-5978-934D7BFA3911}"
EndProject
Project("{2150E333-8FDC-42A3-9474-1A3956D46DE8}") = "Tests", "Tests", "{0AB27D30-8655-46B0-8DA7-E2FF646D1112}"
EndProject
Project("{FAE04EC0-301F-11D3-BF4B-00C04F79EFBC}") = "Fargo.Domain.Tests", "tests\Fargo.Domain.Tests\Fargo.Domain.Tests.csproj", "{6547A245-E278-42C7-A717-7E255EB9F731}"
EndProject
Global
	GlobalSection(SolutionConfigurationPlatforms) = preSolution
		Debug|Any CPU = Debug|Any CPU
		Release|Any CPU = Release|Any CPU
	EndGlobalSection
	GlobalSection(ProjectConfigurationPlatforms) = postSolution
		{5D5CBD4F-FB49-45EC-87F5-30F50FDD1A0A}.Debug|Any CPU.ActiveCfg = Debug|Any CPU
		{5D5CBD4F-FB49-45EC-87F5-30F50FDD1A0A}.Debug|Any CPU.Build.0 = Debug|Any CPU
		{5D5CBD4F-FB49-45EC-87F5-30F50FDD1A0A}.Release|Any CPU.ActiveCfg = Release|Any CPU
		{5D5CBD4F-FB49-45EC-87F5-30F50FDD1A0A}.Release|Any CPU.Build.0 = Release|Any CPU
		{8247E27B-E635-452D-A73D-E6CDC6A95443}.Debug|Any CPU.ActiveCfg = Debug|Any CPU
		{8247E27B-E635-452D-A73D-E6CDC6A95443}.Debug|Any CPU.Build.0 = Debug|Any CPU
		{8247E27B-E635-452D-A73D-E6CDC6A95443}.Release|Any CPU.ActiveCfg = Release|Any CPU
		{8247E27B-E635-452D-A73D-E6CDC6A95443}.Release|Any CPU.Build.0 = Release|Any CPU
		{6F9F95FC-CDB7-4BE9-88FD-3E63BEFE5557}.Debug|Any CPU.ActiveCfg = Debug|Any CPU
		{6F9F95FC-CDB7-4BE9-88FD-3E63BEFE5557}.Debug|Any CPU.Build.0 = Debug|Any CPU
		{6F9F95FC-CDB7-4BE9-88FD-3E63BEFE5557}.Release|Any CPU.ActiveCfg = Release|Any CPU
		{6F9F95FC-CDB7-4BE9-88FD-3E63BEFE5557}.Release|Any CPU.Build.0 = Release|Any CPU
		{27E10523-9435-4D7F-84B0-3C5C5A7B49A3}.Debug|Any CPU.ActiveCfg = Debug|Any CPU
		{27E10523-9435-4D7F-84B0-3C5C5A7B49A3}.Debug|Any CPU.Build.0 = Debug|Any CPU
		{27E10523-9435-4D7F-84B0-3C5C5A7B49A3}.Release|Any CPU.ActiveCfg = Release|Any CPU
		{27E10523-9435-4D7F-84B0-3C5C5A7B49A3}.Release|Any CPU.Build.0 = Release|Any CPU
		{52E37BD2-C7BE-46B4-A903-3C1E7AAF5184}.Debug|Any CPU.ActiveCfg = Debug|Any CPU
		{52E37BD2-C7BE-46B4-A903-3C1E7AAF5184}.Debug|Any CPU.Build.0 = Debug|Any CPU
		{52E37BD2-C7BE-46B4-A903-3C1E7AAF5184}.Release|Any CPU.ActiveCfg = Release|Any CPU
		{52E37BD2-C7BE-46B4-A903-3C1E7AAF5184}.Release|Any CPU.Build.0 = Release|Any CPU
		{58035AE4-2A29-86A3-43F4-3F901DBE0F71}.Debug|Any CPU.ActiveCfg = Debug|Any CPU
		{58035AE4-2A29-86A3-43F4-3F901DBE0F71}.Debug|Any CPU.Build.0 = Debug|Any CPU
		{58035AE4-2A29-86A3-43F4-3F901DBE0F71}.Release|Any CPU.ActiveCfg = Release|Any CPU
		{58035AE4-2A29-86A3-43F4-3F901DBE0F71}.Release|Any CPU.Build.0 = Release|Any CPU
		{8FC52839-FA90-A6AB-5978-934D7BFA3911}.Debug|Any CPU.ActiveCfg = Debug|Any CPU
		{8FC52839-FA90-A6AB-5978-934D7BFA3911}.Debug|Any CPU.Build.0 = Debug|Any CPU
		{8FC52839-FA90-A6AB-5978-934D7BFA3911}.Release|Any CPU.ActiveCfg = Release|Any CPU
		{8FC52839-FA90-A6AB-5978-934D7BFA3911}.Release|Any CPU.Build.0 = Release|Any CPU
		{6547A245-E278-42C7-A717-7E255EB9F731}.Debug|Any CPU.ActiveCfg = Debug|Any CPU
		{6547A245-E278-42C7-A717-7E255EB9F731}.Debug|Any CPU.Build.0 = Debug|Any CPU
		{6547A245-E278-42C7-A717-7E255EB9F731}.Release|Any CPU.ActiveCfg = Release|Any CPU
		{6547A245-E278-42C7-A717-7E255EB9F731}.Release|Any CPU.Build.0 = Release|Any CPU
	EndGlobalSection
	GlobalSection(SolutionProperties) = preSolution
		HideSolutionNode = FALSE
	EndGlobalSection
	GlobalSection(NestedProjects) = preSolution
		{5D5CBD4F-FB49-45EC-87F5-30F50FDD1A0A} = {02EA681E-C7D8-13C7-8484-4AC65E1B71E8}
		{8247E27B-E635-452D-A73D-E6CDC6A95443} = {537D6771-F778-4DE1-87BA-6F1E7613DFB6}
		{6F9F95FC-CDB7-4BE9-88FD-3E63BEFE5557} = {3BAB141D-66B0-4370-81B5-6B84DDF91E38}
		{27E10523-9435-4D7F-84B0-3C5C5A7B49A3} = {6B5A18E2-102C-45CF-8EE3-1A900B96A6A3}
		{52E37BD2-C7BE-46B4-A903-3C1E7AAF5184} = {6B5A18E2-102C-45CF-8EE3-1A900B96A6A3}
		{58035AE4-2A29-86A3-43F4-3F901DBE0F71} = {6B5A18E2-102C-45CF-8EE3-1A900B96A6A3}
		{8FC52839-FA90-A6AB-5978-934D7BFA3911} = {6B5A18E2-102C-45CF-8EE3-1A900B96A6A3}
		{6547A245-E278-42C7-A717-7E255EB9F731} = {0AB27D30-8655-46B0-8DA7-E2FF646D1112}
	EndGlobalSection
	GlobalSection(ExtensibilityGlobals) = postSolution
		SolutionGuid = {764B0199-2240-4D86-843D-3C20BFC77438}
	EndGlobalSection
EndGlobal
